
Microsoft Visual Studio Solution File, Format Version 12.00
Project("{FAE04EC0-301F-11D3-BF4B-00C04F79EFBC}") = "NineMansMorrisUi", "NineMansMorrisUi\NineMansMorrisUi.csproj", "{DE14FCC3-09E8-4B3A-8DE7-A24D7E391776}"
EndProject
Project("{FAE04EC0-301F-11D3-BF4B-00C04F79EFBC}") = "NineMansMorrisLib", "NineMansMorrisLib\NineMansMorrisLib.csproj", "{C3C39338-D566-4597-B986-084570DBDC6D}"
EndProject
Project("{FAE04EC0-301F-11D3-BF4B-00C04F79EFBC}") = "NineMansMorrisTests", "NineMansMorrisTests\NineMansMorrisTests.csproj", "{3902A27A-B90B-41BB-8576-9718EC0F1729}"
EndProject
Global
	GlobalSection(SolutionConfigurationPlatforms) = preSolution
		Debug|Any CPU = Debug|Any CPU
		Release|Any CPU = Release|Any CPU
	EndGlobalSection
	GlobalSection(ProjectConfigurationPlatforms) = postSolution
		{DE14FCC3-09E8-4B3A-8DE7-A24D7E391776}.Debug|Any CPU.ActiveCfg = Debug|Any CPU
		{DE14FCC3-09E8-4B3A-8DE7-A24D7E391776}.Debug|Any CPU.Build.0 = Debug|Any CPU
		{DE14FCC3-09E8-4B3A-8DE7-A24D7E391776}.Release|Any CPU.ActiveCfg = Release|Any CPU
		{DE14FCC3-09E8-4B3A-8DE7-A24D7E391776}.Release|Any CPU.Build.0 = Release|Any CPU
		{C3C39338-D566-4597-B986-084570DBDC6D}.Debug|Any CPU.ActiveCfg = Debug|Any CPU
		{C3C39338-D566-4597-B986-084570DBDC6D}.Debug|Any CPU.Build.0 = Debug|Any CPU
		{C3C39338-D566-4597-B986-084570DBDC6D}.Release|Any CPU.ActiveCfg = Release|Any CPU
		{C3C39338-D566-4597-B986-084570DBDC6D}.Release|Any CPU.Build.0 = Release|Any CPU
		{3902A27A-B90B-41BB-8576-9718EC0F1729}.Debug|Any CPU.ActiveCfg = Debug|Any CPU
		{3902A27A-B90B-41BB-8576-9718EC0F1729}.Debug|Any CPU.Build.0 = Debug|Any CPU
		{3902A27A-B90B-41BB-8576-9718EC0F1729}.Release|Any CPU.ActiveCfg = Release|Any CPU
		{3902A27A-B90B-41BB-8576-9718EC0F1729}.Release|Any CPU.Build.0 = Release|Any CPU
	EndGlobalSection
EndGlobal
